
Microsoft Visual Studio Solution File, Format Version 12.00
# Visual Studio Version 16
VisualStudioVersion = 25.0.1700.7
MinimumVisualStudioVersion = 10.0.40219.1
Project("{FAE04EC0-301F-11D3-BF4B-00C04F79EFBC}") = "TwocheckoutTests", "TwocheckoutTests.csproj", "{EB6EA03C-590B-4B9D-BBAF-C83481AB9D64}"
EndProject
Global
	GlobalSection(SolutionConfigurationPlatforms) = preSolution
		Debug|Any CPU = Debug|Any CPU
		Release|Any CPU = Release|Any CPU
	EndGlobalSection
	GlobalSection(ProjectConfigurationPlatforms) = postSolution
		{EB6EA03C-590B-4B9D-BBAF-C83481AB9D64}.Debug|Any CPU.ActiveCfg = Debug|Any CPU
		{EB6EA03C-590B-4B9D-BBAF-C83481AB9D64}.Debug|Any CPU.Build.0 = Debug|Any CPU
		{EB6EA03C-590B-4B9D-BBAF-C83481AB9D64}.Release|Any CPU.ActiveCfg = Release|Any CPU
		{EB6EA03C-590B-4B9D-BBAF-C83481AB9D64}.Release|Any CPU.Build.0 = Release|Any CPU
	EndGlobalSection
	GlobalSection(SolutionProperties) = preSolution
		HideSolutionNode = FALSE
	EndGlobalSection
	GlobalSection(ExtensibilityGlobals) = postSolution
		SolutionGuid = {F6AEFA7B-EB89-41C0-8A4C-00EA90E0F0ED}
	EndGlobalSection
EndGlobal
